// !$*UTF8*$!
{
	archiveVersion = 1;
	classes = {
	};
	objectVersion = 50;
	objects = {

/* Begin PBXBuildFile section */
		B31DA2EC241294A1008804CA /* AppDelegate.swift in Sources */ = {isa = PBXBuildFile; fileRef = B31DA2EB241294A1008804CA /* AppDelegate.swift */; };
		B31DA2EE241294A1008804CA /* SceneDelegate.swift in Sources */ = {isa = PBXBuildFile; fileRef = B31DA2ED241294A1008804CA /* SceneDelegate.swift */; };
		B31DA2F0241294A1008804CA /* ViewController.swift in Sources */ = {isa = PBXBuildFile; fileRef = B31DA2EF241294A1008804CA /* ViewController.swift */; };
		B31DA2F3241294A1008804CA /* Main.storyboard in Resources */ = {isa = PBXBuildFile; fileRef = B31DA2F1241294A1008804CA /* Main.storyboard */; };
		B31DA2F5241294A2008804CA /* Assets.xcassets in Resources */ = {isa = PBXBuildFile; fileRef = B31DA2F4241294A2008804CA /* Assets.xcassets */; };
		B31DA2F8241294A2008804CA /* LaunchScreen.storyboard in Resources */ = {isa = PBXBuildFile; fileRef = B31DA2F6241294A2008804CA /* LaunchScreen.storyboard */; };
		B31DA303241294A2008804CA /* LoginTests.swift in Sources */ = {isa = PBXBuildFile; fileRef = B31DA302241294A2008804CA /* LoginTests.swift */; };
		B31DA30E241294A2008804CA /* LoginUITests.swift in Sources */ = {isa = PBXBuildFile; fileRef = B31DA30D241294A2008804CA /* LoginUITests.swift */; };
/* End PBXBuildFile section */

/* Begin PBXContainerItemProxy section */
		B31DA2FF241294A2008804CA /* PBXContainerItemProxy */ = {
			isa = PBXContainerItemProxy;
			containerPortal = B31DA2E0241294A1008804CA /* Project object */;
			proxyType = 1;
			remoteGlobalIDString = B31DA2E7241294A1008804CA;
			remoteInfo = Login;
		};
		B31DA30A241294A2008804CA /* PBXContainerItemProxy */ = {
			isa = PBXContainerItemProxy;
			containerPortal = B31DA2E0241294A1008804CA /* Project object */;
			proxyType = 1;
			remoteGlobalIDString = B31DA2E7241294A1008804CA;
			remoteInfo = Login;
		};
/* End PBXContainerItemProxy section */

/* Begin PBXFileReference section */
		B31DA2E8241294A1008804CA /* Login.app */ = {isa = PBXFileReference; explicitFileType = wrapper.application; includeInIndex = 0; path = Login.app; sourceTree = BUILT_PRODUCTS_DIR; };
		B31DA2EB241294A1008804CA /* AppDelegate.swift */ = {isa = PBXFileReference; lastKnownFileType = sourcecode.swift; path = AppDelegate.swift; sourceTree = "<group>"; };
		B31DA2ED241294A1008804CA /* SceneDelegate.swift */ = {isa = PBXFileReference; lastKnownFileType = sourcecode.swift; path = SceneDelegate.swift; sourceTree = "<group>"; };
		B31DA2EF241294A1008804CA /* ViewController.swift */ = {isa = PBXFileReference; lastKnownFileType = sourcecode.swift; path = ViewController.swift; sourceTree = "<group>"; };
		B31DA2F2241294A1008804CA /* Base */ = {isa = PBXFileReference; lastKnownFileType = file.storyboard; name = Base; path = Base.lproj/Main.storyboard; sourceTree = "<group>"; };
		B31DA2F4241294A2008804CA /* Assets.xcassets */ = {isa = PBXFileReference; lastKnownFileType = folder.assetcatalog; path = Assets.xcassets; sourceTree = "<group>"; };
		B31DA2F7241294A2008804CA /* Base */ = {isa = PBXFileReference; lastKnownFileType = file.storyboard; name = Base; path = Base.lproj/LaunchScreen.storyboard; sourceTree = "<group>"; };
		B31DA2F9241294A2008804CA /* Info.plist */ = {isa = PBXFileReference; lastKnownFileType = text.plist.xml; path = Info.plist; sourceTree = "<group>"; };
		B31DA2FE241294A2008804CA /* LoginTests.xctest */ = {isa = PBXFileReference; explicitFileType = wrapper.cfbundle; includeInIndex = 0; path = LoginTests.xctest; sourceTree = BUILT_PRODUCTS_DIR; };
		B31DA302241294A2008804CA /* LoginTests.swift */ = {isa = PBXFileReference; lastKnownFileType = sourcecode.swift; path = LoginTests.swift; sourceTree = "<group>"; };
		B31DA304241294A2008804CA /* Info.plist */ = {isa = PBXFileReference; lastKnownFileType = text.plist.xml; path = Info.plist; sourceTree = "<group>"; };
		B31DA309241294A2008804CA /* LoginUITests.xctest */ = {isa = PBXFileReference; explicitFileType = wrapper.cfbundle; includeInIndex = 0; path = LoginUITests.xctest; sourceTree = BUILT_PRODUCTS_DIR; };
		B31DA30D241294A2008804CA /* LoginUITests.swift */ = {isa = PBXFileReference; lastKnownFileType = sourcecode.swift; path = LoginUITests.swift; sourceTree = "<group>"; };
		B31DA30F241294A2008804CA /* Info.plist */ = {isa = PBXFileReference; lastKnownFileType = text.plist.xml; path = Info.plist; sourceTree = "<group>"; };
/* End PBXFileReference section */

/* Begin PBXFrameworksBuildPhase section */
		B31DA2E5241294A1008804CA /* Frameworks */ = {
			isa = PBXFrameworksBuildPhase;
			buildActionMask = 2147483647;
			files = (
			);
			runOnlyForDeploymentPostprocessing = 0;
		};
		B31DA2FB241294A2008804CA /* Frameworks */ = {
			isa = PBXFrameworksBuildPhase;
			buildActionMask = 2147483647;
			files = (
			);
			runOnlyForDeploymentPostprocessing = 0;
		};
		B31DA306241294A2008804CA /* Frameworks */ = {
			isa = PBXFrameworksBuildPhase;
			buildActionMask = 2147483647;
			files = (
			);
			runOnlyForDeploymentPostprocessing = 0;
		};
/* End PBXFrameworksBuildPhase section */

/* Begin PBXGroup section */
		B31DA2DF241294A1008804CA = {
			isa = PBXGroup;
			children = (
				B31DA2EA241294A1008804CA /* Login */,
				B31DA301241294A2008804CA /* LoginTests */,
				B31DA30C241294A2008804CA /* LoginUITests */,
				B31DA2E9241294A1008804CA /* Products */,
			);
			sourceTree = "<group>";
		};
		B31DA2E9241294A1008804CA /* Products */ = {
			isa = PBXGroup;
			children = (
				B31DA2E8241294A1008804CA /* Login.app */,
				B31DA2FE241294A2008804CA /* LoginTests.xctest */,
				B31DA309241294A2008804CA /* LoginUITests.xctest */,
			);
			name = Products;
			sourceTree = "<group>";
		};
		B31DA2EA241294A1008804CA /* Login */ = {
			isa = PBXGroup;
			children = (
				B31DA2EB241294A1008804CA /* AppDelegate.swift */,
				B31DA2ED241294A1008804CA /* SceneDelegate.swift */,
				B31DA2EF241294A1008804CA /* ViewController.swift */,
				B31DA2F1241294A1008804CA /* Main.storyboard */,
				B31DA2F4241294A2008804CA /* Assets.xcassets */,
				B31DA2F6241294A2008804CA /* LaunchScreen.storyboard */,
				B31DA2F9241294A2008804CA /* Info.plist */,
			);
			path = Login;
			sourceTree = "<group>";
		};
		B31DA301241294A2008804CA /* LoginTests */ = {
			isa = PBXGroup;
			children = (
				B31DA302241294A2008804CA /* LoginTests.swift */,
				B31DA304241294A2008804CA /* Info.plist */,
			);
			path = LoginTests;
			sourceTree = "<group>";
		};
		B31DA30C241294A2008804CA /* LoginUITests */ = {
			isa = PBXGroup;
			children = (
				B31DA30D241294A2008804CA /* LoginUITests.swift */,
				B31DA30F241294A2008804CA /* Info.plist */,
			);
			path = LoginUITests;
			sourceTree = "<group>";
		};
/* End PBXGroup section */

/* Begin PBXNativeTarget section */
		B31DA2E7241294A1008804CA /* Login */ = {
			isa = PBXNativeTarget;
			buildConfigurationList = B31DA312241294A2008804CA /* Build configuration list for PBXNativeTarget "Login" */;
			buildPhases = (
				B31DA2E4241294A1008804CA /* Sources */,
				B31DA2E5241294A1008804CA /* Frameworks */,
				B31DA2E6241294A1008804CA /* Resources */,
			);
			buildRules = (
			);
			dependencies = (
			);
			name = Login;
			productName = Login;
			productReference = B31DA2E8241294A1008804CA /* Login.app */;
			productType = "com.apple.product-type.application";
		};
		B31DA2FD241294A2008804CA /* LoginTests */ = {
			isa = PBXNativeTarget;
			buildConfigurationList = B31DA315241294A2008804CA /* Build configuration list for PBXNativeTarget "LoginTests" */;
			buildPhases = (
				B31DA2FA241294A2008804CA /* Sources */,
				B31DA2FB241294A2008804CA /* Frameworks */,
				B31DA2FC241294A2008804CA /* Resources */,
			);
			buildRules = (
			);
			dependencies = (
				B31DA300241294A2008804CA /* PBXTargetDependency */,
			);
			name = LoginTests;
			productName = LoginTests;
			productReference = B31DA2FE241294A2008804CA /* LoginTests.xctest */;
			productType = "com.apple.product-type.bundle.unit-test";
		};
		B31DA308241294A2008804CA /* LoginUITests */ = {
			isa = PBXNativeTarget;
			buildConfigurationList = B31DA318241294A2008804CA /* Build configuration list for PBXNativeTarget "LoginUITests" */;
			buildPhases = (
				B31DA305241294A2008804CA /* Sources */,
				B31DA306241294A2008804CA /* Frameworks */,
				B31DA307241294A2008804CA /* Resources */,
			);
			buildRules = (
			);
			dependencies = (
				B31DA30B241294A2008804CA /* PBXTargetDependency */,
			);
			name = LoginUITests;
			productName = LoginUITests;
			productReference = B31DA309241294A2008804CA /* LoginUITests.xctest */;
			productType = "com.apple.product-type.bundle.ui-testing";
		};
/* End PBXNativeTarget section */

/* Begin PBXProject section */
		B31DA2E0241294A1008804CA /* Project object */ = {
			isa = PBXProject;
			attributes = {
				LastSwiftUpdateCheck = 1130;
				LastUpgradeCheck = 1130;
				ORGANIZATIONNAME = "Ye Joon Ko";
				TargetAttributes = {
					B31DA2E7241294A1008804CA = {
						CreatedOnToolsVersion = 11.3.1;
					};
					B31DA2FD241294A2008804CA = {
						CreatedOnToolsVersion = 11.3.1;
						TestTargetID = B31DA2E7241294A1008804CA;
					};
					B31DA308241294A2008804CA = {
						CreatedOnToolsVersion = 11.3.1;
						TestTargetID = B31DA2E7241294A1008804CA;
					};
				};
			};
			buildConfigurationList = B31DA2E3241294A1008804CA /* Build configuration list for PBXProject "Login" */;
			compatibilityVersion = "Xcode 9.3";
			developmentRegion = en;
			hasScannedForEncodings = 0;
			knownRegions = (
				en,
				Base,
			);
			mainGroup = B31DA2DF241294A1008804CA;
			productRefGroup = B31DA2E9241294A1008804CA /* Products */;
			projectDirPath = "";
			projectRoot = "";
			targets = (
				B31DA2E7241294A1008804CA /* Login */,
				B31DA2FD241294A2008804CA /* LoginTests */,
				B31DA308241294A2008804CA /* LoginUITests */,
			);
		};
/* End PBXProject section */

/* Begin PBXResourcesBuildPhase section */
		B31DA2E6241294A1008804CA /* Resources */ = {
			isa = PBXResourcesBuildPhase;
			buildActionMask = 2147483647;
			files = (
				B31DA2F8241294A2008804CA /* LaunchScreen.storyboard in Resources */,
				B31DA2F5241294A2008804CA /* Assets.xcassets in Resources */,
				B31DA2F3241294A1008804CA /* Main.storyboard in Resources */,
			);
			runOnlyForDeploymentPostprocessing = 0;
		};
		B31DA2FC241294A2008804CA /* Resources */ = {
			isa = PBXResourcesBuildPhase;
			buildActionMask = 2147483647;
			files = (
			);
			runOnlyForDeploymentPostprocessing = 0;
		};
		B31DA307241294A2008804CA /* Resources */ = {
			isa = PBXResourcesBuildPhase;
			buildActionMask = 2147483647;
			files = (
			);
			runOnlyForDeploymentPostprocessing = 0;
		};
/* End PBXResourcesBuildPhase section */

/* Begin PBXSourcesBuildPhase section */
		B31DA2E4241294A1008804CA /* Sources */ = {
			isa = PBXSourcesBuildPhase;
			buildActionMask = 2147483647;
			files = (
				B31DA2F0241294A1008804CA /* ViewController.swift in Sources */,
				B31DA2EC241294A1008804CA /* AppDelegate.swift in Sources */,
				B31DA2EE241294A1008804CA /* SceneDelegate.swift in Sources */,
			);
			runOnlyForDeploymentPostprocessing = 0;
		};
		B31DA2FA241294A2008804CA /* Sources */ = {
			isa = PBXSourcesBuildPhase;
			buildActionMask = 2147483647;
			files = (
				B31DA303241294A2008804CA /* LoginTests.swift in Sources */,
			);
			runOnlyForDeploymentPostprocessing = 0;
		};
		B31DA305241294A2008804CA /* Sources */ = {
			isa = PBXSourcesBuildPhase;
			buildActionMask = 2147483647;
			files = (
				B31DA30E241294A2008804CA /* LoginUITests.swift in Sources */,
			);
			runOnlyForDeploymentPostprocessing = 0;
		};
/* End PBXSourcesBuildPhase section */

/* Begin PBXTargetDependency section */
		B31DA300241294A2008804CA /* PBXTargetDependency */ = {
			isa = PBXTargetDependency;
			target = B31DA2E7241294A1008804CA /* Login */;
			targetProxy = B31DA2FF241294A2008804CA /* PBXContainerItemProxy */;
		};
		B31DA30B241294A2008804CA /* PBXTargetDependency */ = {
			isa = PBXTargetDependency;
			target = B31DA2E7241294A1008804CA /* Login */;
			targetProxy = B31DA30A241294A2008804CA /* PBXContainerItemProxy */;
		};
/* End PBXTargetDependency section */

/* Begin PBXVariantGroup section */
		B31DA2F1241294A1008804CA /* Main.storyboard */ = {
			isa = PBXVariantGroup;
			children = (
				B31DA2F2241294A1008804CA /* Base */,
			);
			name = Main.storyboard;
			sourceTree = "<group>";
		};
		B31DA2F6241294A2008804CA /* LaunchScreen.storyboard */ = {
			isa = PBXVariantGroup;
			children = (
				B31DA2F7241294A2008804CA /* Base */,
			);
			name = LaunchScreen.storyboard;
			sourceTree = "<group>";
		};
/* End PBXVariantGroup section */

/* Begin XCBuildConfiguration section */
		B31DA310241294A2008804CA /* Debug */ = {
			isa = XCBuildConfiguration;
			buildSettings = {
				ALWAYS_SEARCH_USER_PATHS = NO;
				CLANG_ANALYZER_NONNULL = YES;
				CLANG_ANALYZER_NUMBER_OBJECT_CONVERSION = YES_AGGRESSIVE;
				CLANG_CXX_LANGUAGE_STANDARD = "gnu++14";
				CLANG_CXX_LIBRARY = "libc++";
				CLANG_ENABLE_MODULES = YES;
				CLANG_ENABLE_OBJC_ARC = YES;
				CLANG_ENABLE_OBJC_WEAK = YES;
				CLANG_WARN_BLOCK_CAPTURE_AUTORELEASING = YES;
				CLANG_WARN_BOOL_CONVERSION = YES;
				CLANG_WARN_COMMA = YES;
				CLANG_WARN_CONSTANT_CONVERSION = YES;
				CLANG_WARN_DEPRECATED_OBJC_IMPLEMENTATIONS = YES;
				CLANG_WARN_DIRECT_OBJC_ISA_USAGE = YES_ERROR;
				CLANG_WARN_DOCUMENTATION_COMMENTS = YES;
				CLANG_WARN_EMPTY_BODY = YES;
				CLANG_WARN_ENUM_CONVERSION = YES;
				CLANG_WARN_INFINITE_RECURSION = YES;
				CLANG_WARN_INT_CONVERSION = YES;
				CLANG_WARN_NON_LITERAL_NULL_CONVERSION = YES;
				CLANG_WARN_OBJC_IMPLICIT_RETAIN_SELF = YES;
				CLANG_WARN_OBJC_LITERAL_CONVERSION = YES;
				CLANG_WARN_OBJC_ROOT_CLASS = YES_ERROR;
				CLANG_WARN_RANGE_LOOP_ANALYSIS = YES;
				CLANG_WARN_STRICT_PROTOTYPES = YES;
				CLANG_WARN_SUSPICIOUS_MOVE = YES;
				CLANG_WARN_UNGUARDED_AVAILABILITY = YES_AGGRESSIVE;
				CLANG_WARN_UNREACHABLE_CODE = YES;
				CLANG_WARN__DUPLICATE_METHOD_MATCH = YES;
				COPY_PHASE_STRIP = NO;
				DEBUG_INFORMATION_FORMAT = dwarf;
				ENABLE_STRICT_OBJC_MSGSEND = YES;
				ENABLE_TESTABILITY = YES;
				GCC_C_LANGUAGE_STANDARD = gnu11;
				GCC_DYNAMIC_NO_PIC = NO;
				GCC_NO_COMMON_BLOCKS = YES;
				GCC_OPTIMIZATION_LEVEL = 0;
				GCC_PREPROCESSOR_DEFINITIONS = (
					"DEBUG=1",
					"$(inherited)",
				);
				GCC_WARN_64_TO_32_BIT_CONVERSION = YES;
				GCC_WARN_ABOUT_RETURN_TYPE = YES_ERROR;
				GCC_WARN_UNDECLARED_SELECTOR = YES;
				GCC_WARN_UNINITIALIZED_AUTOS = YES_AGGRESSIVE;
				GCC_WARN_UNUSED_FUNCTION = YES;
				GCC_WARN_UNUSED_VARIABLE = YES;
				IPHONEOS_DEPLOYMENT_TARGET = 13.2;
				MTL_ENABLE_DEBUG_INFO = INCLUDE_SOURCE;
				MTL_FAST_MATH = YES;
				ONLY_ACTIVE_ARCH = YES;
				SDKROOT = iphoneos;
				SWIFT_ACTIVE_COMPILATION_CONDITIONS = DEBUG;
				SWIFT_OPTIMIZATION_LEVEL = "-Onone";
			};
			name = Debug;
		};
		B31DA311241294A2008804CA /* Release */ = {
			isa = XCBuildConfiguration;
			buildSettings = {
				ALWAYS_SEARCH_USER_PATHS = NO;
				CLANG_ANALYZER_NONNULL = YES;
				CLANG_ANALYZER_NUMBER_OBJECT_CONVERSION = YES_AGGRESSIVE;
				CLANG_CXX_LANGUAGE_STANDARD = "gnu++14";
				CLANG_CXX_LIBRARY = "libc++";
				CLANG_ENABLE_MODULES = YES;
				CLANG_ENABLE_OBJC_ARC = YES;
				CLANG_ENABLE_OBJC_WEAK = YES;
				CLANG_WARN_BLOCK_CAPTURE_AUTORELEASING = YES;
				CLANG_WARN_BOOL_CONVERSION = YES;
				CLANG_WARN_COMMA = YES;
				CLANG_WARN_CONSTANT_CONVERSION = YES;
				CLANG_WARN_DEPRECATED_OBJC_IMPLEMENTATIONS = YES;
				CLANG_WARN_DIRECT_OBJC_ISA_USAGE = YES_ERROR;
				CLANG_WARN_DOCUMENTATION_COMMENTS = YES;
				CLANG_WARN_EMPTY_BODY = YES;
				CLANG_WARN_ENUM_CONVERSION = YES;
				CLANG_WARN_INFINITE_RECURSION = YES;
				CLANG_WARN_INT_CONVERSION = YES;
				CLANG_WARN_NON_LITERAL_NULL_CONVERSION = YES;
				CLANG_WARN_OBJC_IMPLICIT_RETAIN_SELF = YES;
				CLANG_WARN_OBJC_LITERAL_CONVERSION = YES;
				CLANG_WARN_OBJC_ROOT_CLASS = YES_ERROR;
				CLANG_WARN_RANGE_LOOP_ANALYSIS = YES;
				CLANG_WARN_STRICT_PROTOTYPES = YES;
				CLANG_WARN_SUSPICIOUS_MOVE = YES;
				CLANG_WARN_UNGUARDED_AVAILABILITY = YES_AGGRESSIVE;
				CLANG_WARN_UNREACHABLE_CODE = YES;
				CLANG_WARN__DUPLICATE_METHOD_MATCH = YES;
				COPY_PHASE_STRIP = NO;
				DEBUG_INFORMATION_FORMAT = "dwarf-with-dsym";
				ENABLE_NS_ASSERTIONS = NO;
				ENABLE_STRICT_OBJC_MSGSEND = YES;
				GCC_C_LANGUAGE_STANDARD = gnu11;
				GCC_NO_COMMON_BLOCKS = YES;
				GCC_WARN_64_TO_32_BIT_CONVERSION = YES;
				GCC_WARN_ABOUT_RETURN_TYPE = YES_ERROR;
				GCC_WARN_UNDECLARED_SELECTOR = YES;
				GCC_WARN_UNINITIALIZED_AUTOS = YES_AGGRESSIVE;
				GCC_WARN_UNUSED_FUNCTION = YES;
				GCC_WARN_UNUSED_VARIABLE = YES;
				IPHONEOS_DEPLOYMENT_TARGET = 13.2;
				MTL_ENABLE_DEBUG_INFO = NO;
				MTL_FAST_MATH = YES;
				SDKROOT = iphoneos;
				SWIFT_COMPILATION_MODE = wholemodule;
				SWIFT_OPTIMIZATION_LEVEL = "-O";
				VALIDATE_PRODUCT = YES;
			};
			name = Release;
		};
		B31DA313241294A2008804CA /* Debug */ = {
			isa = XCBuildConfiguration;
			buildSettings = {
				ASSETCATALOG_COMPILER_APPICON_NAME = AppIcon;
				CODE_SIGN_STYLE = Automatic;
				INFOPLIST_FILE = Login/Info.plist;
				LD_RUNPATH_SEARCH_PATHS = (
					"$(inherited)",
					"@executable_path/Frameworks",
				);
				PRODUCT_BUNDLE_IDENTIFIER = org.techtown.Login;
				PRODUCT_NAME = "$(TARGET_NAME)";
				SWIFT_VERSION = 5.0;
				TARGETED_DEVICE_FAMILY = "1,2";
			};
			name = Debug;
		};
		B31DA314241294A2008804CA /* Release */ = {
			isa = XCBuildConfiguration;
			buildSettings = {
				ASSETCATALOG_COMPILER_APPICON_NAME = AppIcon;
				CODE_SIGN_STYLE = Automatic;
				INFOPLIST_FILE = Login/Info.plist;
				LD_RUNPATH_SEARCH_PATHS = (
					"$(inherited)",
					"@executable_path/Frameworks",
				);
				PRODUCT_BUNDLE_IDENTIFIER = org.techtown.Login;
				PRODUCT_NAME = "$(TARGET_NAME)";
				SWIFT_VERSION = 5.0;
				TARGETED_DEVICE_FAMILY = "1,2";
			};
			name = Release;
		};
		B31DA316241294A2008804CA /* Debug */ = {
			isa = XCBuildConfiguration;
			buildSettings = {
				ALWAYS_EMBED_SWIFT_STANDARD_LIBRARIES = YES;
				BUNDLE_LOADER = "$(TEST_HOST)";
				CODE_SIGN_STYLE = Automatic;
				INFOPLIST_FILE = LoginTests/Info.plist;
				IPHONEOS_DEPLOYMENT_TARGET = 13.2;
				LD_RUNPATH_SEARCH_PATHS = (
					"$(inherited)",
					"@executable_path/Frameworks",
					"@loader_path/Frameworks",
				);
				PRODUCT_BUNDLE_IDENTIFIER = org.techtown.LoginTests;
				PRODUCT_NAME = "$(TARGET_NAME)";
				SWIFT_VERSION = 5.0;
				TARGETED_DEVICE_FAMILY = "1,2";
				TEST_HOST = "$(BUILT_PRODUCTS_DIR)/Login.app/Login";
			};
			name = Debug;
		};
		B31DA317241294A2008804CA /* Release */ = {
			isa = XCBuildConfiguration;
			buildSettings = {
				ALWAYS_EMBED_SWIFT_STANDARD_LIBRARIES = YES;
				BUNDLE_LOADER = "$(TEST_HOST)";
				CODE_SIGN_STYLE = Automatic;
				INFOPLIST_FILE = LoginTests/Info.plist;
				IPHONEOS_DEPLOYMENT_TARGET = 13.2;
				LD_RUNPATH_SEARCH_PATHS = (
					"$(inherited)",
					"@executable_path/Frameworks",
					"@loader_path/Frameworks",
				);
				PRODUCT_BUNDLE_IDENTIFIER = org.techtown.LoginTests;
				PRODUCT_NAME = "$(TARGET_NAME)";
				SWIFT_VERSION = 5.0;
				TARGETED_DEVICE_FAMILY = "1,2";
				TEST_HOST = "$(BUILT_PRODUCTS_DIR)/Login.app/Login";
			};
			name = Release;
		};
		B31DA319241294A2008804CA /* Debug */ = {
			isa = XCBuildConfiguration;
			buildSettings = {
				ALWAYS_EMBED_SWIFT_STANDARD_LIBRARIES = YES;
				CODE_SIGN_STYLE = Automatic;
				INFOPLIST_FILE = LoginUITests/Info.plist;
				LD_RUNPATH_SEARCH_PATHS = (
					"$(inherited)",
					"@executable_path/Frameworks",
					"@loader_path/Frameworks",
				);
				PRODUCT_BUNDLE_IDENTIFIER = org.techtown.LoginUITests;
				PRODUCT_NAME = "$(TARGET_NAME)";
				SWIFT_VERSION = 5.0;
				TARGETED_DEVICE_FAMILY = "1,2";
				TEST_TARGET_NAME = Login;
			};
			name = Debug;
		};
		B31DA31A241294A2008804CA /* Release */ = {
			isa = XCBuildConfiguration;
			buildSettings = {
				ALWAYS_EMBED_SWIFT_STANDARD_LIBRARIES = YES;
				CODE_SIGN_STYLE = Automatic;
				INFOPLIST_FILE = LoginUITests/Info.plist;
				LD_RUNPATH_SEARCH_PATHS = (
					"$(inherited)",
					"@executable_path/Frameworks",
					"@loader_path/Frameworks",
				);
				PRODUCT_BUNDLE_IDENTIFIER = org.techtown.LoginUITests;
				PRODUCT_NAME = "$(TARGET_NAME)";
				SWIFT_VERSION = 5.0;
				TARGETED_DEVICE_FAMILY = "1,2";
				TEST_TARGET_NAME = Login;
			};
			name = Release;
		};
/* End XCBuildConfiguration section */

/* Begin XCConfigurationList section */
		B31DA2E3241294A1008804CA /* Build configuration list for PBXProject "Login" */ = {
			isa = XCConfigurationList;
			buildConfigurations = (
				B31DA310241294A2008804CA /* Debug */,
				B31DA311241294A2008804CA /* Release */,
			);
			defaultConfigurationIsVisible = 0;
			defaultConfigurationName = Release;
		};
		B31DA312241294A2008804CA /* Build configuration list for PBXNativeTarget "Login" */ = {
			isa = XCConfigurationList;
			buildConfigurations = (
				B31DA313241294A2008804CA /* Debug */,
				B31DA314241294A2008804CA /* Release */,
			);
			defaultConfigurationIsVisible = 0;
			defaultConfigurationName = Release;
		};
		B31DA315241294A2008804CA /* Build configuration list for PBXNativeTarget "LoginTests" */ = {
			isa = XCConfigurationList;
			buildConfigurations = (
				B31DA316241294A2008804CA /* Debug */,
				B31DA317241294A2008804CA /* Release */,
			);
			defaultConfigurationIsVisible = 0;
			defaultConfigurationName = Release;
		};
		B31DA318241294A2008804CA /* Build configuration list for PBXNativeTarget "LoginUITests" */ = {
			isa = XCConfigurationList;
			buildConfigurations = (
				B31DA319241294A2008804CA /* Debug */,
				B31DA31A241294A2008804CA /* Release */,
			);
			defaultConfigurationIsVisible = 0;
			defaultConfigurationName = Release;
		};
/* End XCConfigurationList section */
	};
	rootObject = B31DA2E0241294A1008804CA /* Project object */;
}
