// !$*UTF8*$!
{
	archiveVersion = 1;
	classes = {
	};
	objectVersion = 50;
	objects = {

/* Begin PBXBuildFile section */
		B336A8362414027A003DE924 /* AppDelegate.swift in Sources */ = {isa = PBXBuildFile; fileRef = B336A8352414027A003DE924 /* AppDelegate.swift */; };
		B336A8382414027A003DE924 /* SceneDelegate.swift in Sources */ = {isa = PBXBuildFile; fileRef = B336A8372414027A003DE924 /* SceneDelegate.swift */; };
		B336A83A2414027A003DE924 /* ViewController.swift in Sources */ = {isa = PBXBuildFile; fileRef = B336A8392414027A003DE924 /* ViewController.swift */; };
		B336A83D2414027A003DE924 /* Main.storyboard in Resources */ = {isa = PBXBuildFile; fileRef = B336A83B2414027A003DE924 /* Main.storyboard */; };
		B336A83F2414027B003DE924 /* Assets.xcassets in Resources */ = {isa = PBXBuildFile; fileRef = B336A83E2414027B003DE924 /* Assets.xcassets */; };
		B336A8422414027B003DE924 /* LaunchScreen.storyboard in Resources */ = {isa = PBXBuildFile; fileRef = B336A8402414027B003DE924 /* LaunchScreen.storyboard */; };
		B336A84D2414027B003DE924 /* PhoneBookTests.swift in Sources */ = {isa = PBXBuildFile; fileRef = B336A84C2414027B003DE924 /* PhoneBookTests.swift */; };
		B336A8582414027B003DE924 /* PhoneBookUITests.swift in Sources */ = {isa = PBXBuildFile; fileRef = B336A8572414027B003DE924 /* PhoneBookUITests.swift */; };
		B385F5E42414D55C0021D89B /* Person.swift in Sources */ = {isa = PBXBuildFile; fileRef = B385F5E32414D55C0021D89B /* Person.swift */; };
		B385F5E62414DD8E0021D89B /* Baby.swift in Sources */ = {isa = PBXBuildFile; fileRef = B385F5E52414DD8E0021D89B /* Baby.swift */; };
/* End PBXBuildFile section */

/* Begin PBXContainerItemProxy section */
		B336A8492414027B003DE924 /* PBXContainerItemProxy */ = {
			isa = PBXContainerItemProxy;
			containerPortal = B336A82A2414027A003DE924 /* Project object */;
			proxyType = 1;
			remoteGlobalIDString = B336A8312414027A003DE924;
			remoteInfo = PhoneBook;
		};
		B336A8542414027B003DE924 /* PBXContainerItemProxy */ = {
			isa = PBXContainerItemProxy;
			containerPortal = B336A82A2414027A003DE924 /* Project object */;
			proxyType = 1;
			remoteGlobalIDString = B336A8312414027A003DE924;
			remoteInfo = PhoneBook;
		};
/* End PBXContainerItemProxy section */

/* Begin PBXFileReference section */
		B336A8322414027A003DE924 /* PhoneBook.app */ = {isa = PBXFileReference; explicitFileType = wrapper.application; includeInIndex = 0; path = PhoneBook.app; sourceTree = BUILT_PRODUCTS_DIR; };
		B336A8352414027A003DE924 /* AppDelegate.swift */ = {isa = PBXFileReference; lastKnownFileType = sourcecode.swift; path = AppDelegate.swift; sourceTree = "<group>"; };
		B336A8372414027A003DE924 /* SceneDelegate.swift */ = {isa = PBXFileReference; lastKnownFileType = sourcecode.swift; path = SceneDelegate.swift; sourceTree = "<group>"; };
		B336A8392414027A003DE924 /* ViewController.swift */ = {isa = PBXFileReference; lastKnownFileType = sourcecode.swift; path = ViewController.swift; sourceTree = "<group>"; };
		B336A83C2414027A003DE924 /* Base */ = {isa = PBXFileReference; lastKnownFileType = file.storyboard; name = Base; path = Base.lproj/Main.storyboard; sourceTree = "<group>"; };
		B336A83E2414027B003DE924 /* Assets.xcassets */ = {isa = PBXFileReference; lastKnownFileType = folder.assetcatalog; path = Assets.xcassets; sourceTree = "<group>"; };
		B336A8412414027B003DE924 /* Base */ = {isa = PBXFileReference; lastKnownFileType = file.storyboard; name = Base; path = Base.lproj/LaunchScreen.storyboard; sourceTree = "<group>"; };
		B336A8432414027B003DE924 /* Info.plist */ = {isa = PBXFileReference; lastKnownFileType = text.plist.xml; path = Info.plist; sourceTree = "<group>"; };
		B336A8482414027B003DE924 /* PhoneBookTests.xctest */ = {isa = PBXFileReference; explicitFileType = wrapper.cfbundle; includeInIndex = 0; path = PhoneBookTests.xctest; sourceTree = BUILT_PRODUCTS_DIR; };
		B336A84C2414027B003DE924 /* PhoneBookTests.swift */ = {isa = PBXFileReference; lastKnownFileType = sourcecode.swift; path = PhoneBookTests.swift; sourceTree = "<group>"; };
		B336A84E2414027B003DE924 /* Info.plist */ = {isa = PBXFileReference; lastKnownFileType = text.plist.xml; path = Info.plist; sourceTree = "<group>"; };
		B336A8532414027B003DE924 /* PhoneBookUITests.xctest */ = {isa = PBXFileReference; explicitFileType = wrapper.cfbundle; includeInIndex = 0; path = PhoneBookUITests.xctest; sourceTree = BUILT_PRODUCTS_DIR; };
		B336A8572414027B003DE924 /* PhoneBookUITests.swift */ = {isa = PBXFileReference; lastKnownFileType = sourcecode.swift; path = PhoneBookUITests.swift; sourceTree = "<group>"; };
		B336A8592414027B003DE924 /* Info.plist */ = {isa = PBXFileReference; lastKnownFileType = text.plist.xml; path = Info.plist; sourceTree = "<group>"; };
		B385F5E32414D55C0021D89B /* Person.swift */ = {isa = PBXFileReference; lastKnownFileType = sourcecode.swift; path = Person.swift; sourceTree = "<group>"; };
		B385F5E52414DD8E0021D89B /* Baby.swift */ = {isa = PBXFileReference; lastKnownFileType = sourcecode.swift; path = Baby.swift; sourceTree = "<group>"; };
/* End PBXFileReference section */

/* Begin PBXFrameworksBuildPhase section */
		B336A82F2414027A003DE924 /* Frameworks */ = {
			isa = PBXFrameworksBuildPhase;
			buildActionMask = 2147483647;
			files = (
			);
			runOnlyForDeploymentPostprocessing = 0;
		};
		B336A8452414027B003DE924 /* Frameworks */ = {
			isa = PBXFrameworksBuildPhase;
			buildActionMask = 2147483647;
			files = (
			);
			runOnlyForDeploymentPostprocessing = 0;
		};
		B336A8502414027B003DE924 /* Frameworks */ = {
			isa = PBXFrameworksBuildPhase;
			buildActionMask = 2147483647;
			files = (
			);
			runOnlyForDeploymentPostprocessing = 0;
		};
/* End PBXFrameworksBuildPhase section */

/* Begin PBXGroup section */
		B336A8292414027A003DE924 = {
			isa = PBXGroup;
			children = (
				B336A8342414027A003DE924 /* PhoneBook */,
				B336A84B2414027B003DE924 /* PhoneBookTests */,
				B336A8562414027B003DE924 /* PhoneBookUITests */,
				B336A8332414027A003DE924 /* Products */,
			);
			sourceTree = "<group>";
		};
		B336A8332414027A003DE924 /* Products */ = {
			isa = PBXGroup;
			children = (
				B336A8322414027A003DE924 /* PhoneBook.app */,
				B336A8482414027B003DE924 /* PhoneBookTests.xctest */,
				B336A8532414027B003DE924 /* PhoneBookUITests.xctest */,
			);
			name = Products;
			sourceTree = "<group>";
		};
		B336A8342414027A003DE924 /* PhoneBook */ = {
			isa = PBXGroup;
			children = (
				B336A8352414027A003DE924 /* AppDelegate.swift */,
				B336A8372414027A003DE924 /* SceneDelegate.swift */,
				B336A8392414027A003DE924 /* ViewController.swift */,
				B385F5E52414DD8E0021D89B /* Baby.swift */,
				B336A83B2414027A003DE924 /* Main.storyboard */,
				B336A83E2414027B003DE924 /* Assets.xcassets */,
				B336A8402414027B003DE924 /* LaunchScreen.storyboard */,
				B336A8432414027B003DE924 /* Info.plist */,
				B385F5E32414D55C0021D89B /* Person.swift */,
			);
			path = PhoneBook;
			sourceTree = "<group>";
		};
		B336A84B2414027B003DE924 /* PhoneBookTests */ = {
			isa = PBXGroup;
			children = (
				B336A84C2414027B003DE924 /* PhoneBookTests.swift */,
				B336A84E2414027B003DE924 /* Info.plist */,
			);
			path = PhoneBookTests;
			sourceTree = "<group>";
		};
		B336A8562414027B003DE924 /* PhoneBookUITests */ = {
			isa = PBXGroup;
			children = (
				B336A8572414027B003DE924 /* PhoneBookUITests.swift */,
				B336A8592414027B003DE924 /* Info.plist */,
			);
			path = PhoneBookUITests;
			sourceTree = "<group>";
		};
/* End PBXGroup section */

/* Begin PBXNativeTarget section */
		B336A8312414027A003DE924 /* PhoneBook */ = {
			isa = PBXNativeTarget;
			buildConfigurationList = B336A85C2414027B003DE924 /* Build configuration list for PBXNativeTarget "PhoneBook" */;
			buildPhases = (
				B336A82E2414027A003DE924 /* Sources */,
				B336A82F2414027A003DE924 /* Frameworks */,
				B336A8302414027A003DE924 /* Resources */,
			);
			buildRules = (
			);
			dependencies = (
			);
			name = PhoneBook;
			productName = PhoneBook;
			productReference = B336A8322414027A003DE924 /* PhoneBook.app */;
			productType = "com.apple.product-type.application";
		};
		B336A8472414027B003DE924 /* PhoneBookTests */ = {
			isa = PBXNativeTarget;
			buildConfigurationList = B336A85F2414027B003DE924 /* Build configuration list for PBXNativeTarget "PhoneBookTests" */;
			buildPhases = (
				B336A8442414027B003DE924 /* Sources */,
				B336A8452414027B003DE924 /* Frameworks */,
				B336A8462414027B003DE924 /* Resources */,
			);
			buildRules = (
			);
			dependencies = (
				B336A84A2414027B003DE924 /* PBXTargetDependency */,
			);
			name = PhoneBookTests;
			productName = PhoneBookTests;
			productReference = B336A8482414027B003DE924 /* PhoneBookTests.xctest */;
			productType = "com.apple.product-type.bundle.unit-test";
		};
		B336A8522414027B003DE924 /* PhoneBookUITests */ = {
			isa = PBXNativeTarget;
			buildConfigurationList = B336A8622414027B003DE924 /* Build configuration list for PBXNativeTarget "PhoneBookUITests" */;
			buildPhases = (
				B336A84F2414027B003DE924 /* Sources */,
				B336A8502414027B003DE924 /* Frameworks */,
				B336A8512414027B003DE924 /* Resources */,
			);
			buildRules = (
			);
			dependencies = (
				B336A8552414027B003DE924 /* PBXTargetDependency */,
			);
			name = PhoneBookUITests;
			productName = PhoneBookUITests;
			productReference = B336A8532414027B003DE924 /* PhoneBookUITests.xctest */;
			productType = "com.apple.product-type.bundle.ui-testing";
		};
/* End PBXNativeTarget section */

/* Begin PBXProject section */
		B336A82A2414027A003DE924 /* Project object */ = {
			isa = PBXProject;
			attributes = {
				LastSwiftUpdateCheck = 1130;
				LastUpgradeCheck = 1130;
				ORGANIZATIONNAME = "Ye Joon Ko";
				TargetAttributes = {
					B336A8312414027A003DE924 = {
						CreatedOnToolsVersion = 11.3.1;
					};
					B336A8472414027B003DE924 = {
						CreatedOnToolsVersion = 11.3.1;
						TestTargetID = B336A8312414027A003DE924;
					};
					B336A8522414027B003DE924 = {
						CreatedOnToolsVersion = 11.3.1;
						TestTargetID = B336A8312414027A003DE924;
					};
				};
			};
			buildConfigurationList = B336A82D2414027A003DE924 /* Build configuration list for PBXProject "PhoneBook" */;
			compatibilityVersion = "Xcode 9.3";
			developmentRegion = en;
			hasScannedForEncodings = 0;
			knownRegions = (
				en,
				Base,
			);
			mainGroup = B336A8292414027A003DE924;
			productRefGroup = B336A8332414027A003DE924 /* Products */;
			projectDirPath = "";
			projectRoot = "";
			targets = (
				B336A8312414027A003DE924 /* PhoneBook */,
				B336A8472414027B003DE924 /* PhoneBookTests */,
				B336A8522414027B003DE924 /* PhoneBookUITests */,
			);
		};
/* End PBXProject section */

/* Begin PBXResourcesBuildPhase section */
		B336A8302414027A003DE924 /* Resources */ = {
			isa = PBXResourcesBuildPhase;
			buildActionMask = 2147483647;
			files = (
				B336A8422414027B003DE924 /* LaunchScreen.storyboard in Resources */,
				B336A83F2414027B003DE924 /* Assets.xcassets in Resources */,
				B336A83D2414027A003DE924 /* Main.storyboard in Resources */,
			);
			runOnlyForDeploymentPostprocessing = 0;
		};
		B336A8462414027B003DE924 /* Resources */ = {
			isa = PBXResourcesBuildPhase;
			buildActionMask = 2147483647;
			files = (
			);
			runOnlyForDeploymentPostprocessing = 0;
		};
		B336A8512414027B003DE924 /* Resources */ = {
			isa = PBXResourcesBuildPhase;
			buildActionMask = 2147483647;
			files = (
			);
			runOnlyForDeploymentPostprocessing = 0;
		};
/* End PBXResourcesBuildPhase section */

/* Begin PBXSourcesBuildPhase section */
		B336A82E2414027A003DE924 /* Sources */ = {
			isa = PBXSourcesBuildPhase;
			buildActionMask = 2147483647;
			files = (
				B336A83A2414027A003DE924 /* ViewController.swift in Sources */,
				B336A8362414027A003DE924 /* AppDelegate.swift in Sources */,
				B385F5E42414D55C0021D89B /* Person.swift in Sources */,
				B385F5E62414DD8E0021D89B /* Baby.swift in Sources */,
				B336A8382414027A003DE924 /* SceneDelegate.swift in Sources */,
			);
			runOnlyForDeploymentPostprocessing = 0;
		};
		B336A8442414027B003DE924 /* Sources */ = {
			isa = PBXSourcesBuildPhase;
			buildActionMask = 2147483647;
			files = (
				B336A84D2414027B003DE924 /* PhoneBookTests.swift in Sources */,
			);
			runOnlyForDeploymentPostprocessing = 0;
		};
		B336A84F2414027B003DE924 /* Sources */ = {
			isa = PBXSourcesBuildPhase;
			buildActionMask = 2147483647;
			files = (
				B336A8582414027B003DE924 /* PhoneBookUITests.swift in Sources */,
			);
			runOnlyForDeploymentPostprocessing = 0;
		};
/* End PBXSourcesBuildPhase section */

/* Begin PBXTargetDependency section */
		B336A84A2414027B003DE924 /* PBXTargetDependency */ = {
			isa = PBXTargetDependency;
			target = B336A8312414027A003DE924 /* PhoneBook */;
			targetProxy = B336A8492414027B003DE924 /* PBXContainerItemProxy */;
		};
		B336A8552414027B003DE924 /* PBXTargetDependency */ = {
			isa = PBXTargetDependency;
			target = B336A8312414027A003DE924 /* PhoneBook */;
			targetProxy = B336A8542414027B003DE924 /* PBXContainerItemProxy */;
		};
/* End PBXTargetDependency section */

/* Begin PBXVariantGroup section */
		B336A83B2414027A003DE924 /* Main.storyboard */ = {
			isa = PBXVariantGroup;
			children = (
				B336A83C2414027A003DE924 /* Base */,
			);
			name = Main.storyboard;
			sourceTree = "<group>";
		};
		B336A8402414027B003DE924 /* LaunchScreen.storyboard */ = {
			isa = PBXVariantGroup;
			children = (
				B336A8412414027B003DE924 /* Base */,
			);
			name = LaunchScreen.storyboard;
			sourceTree = "<group>";
		};
/* End PBXVariantGroup section */

/* Begin XCBuildConfiguration section */
		B336A85A2414027B003DE924 /* Debug */ = {
			isa = XCBuildConfiguration;
			buildSettings = {
				ALWAYS_SEARCH_USER_PATHS = NO;
				CLANG_ANALYZER_NONNULL = YES;
				CLANG_ANALYZER_NUMBER_OBJECT_CONVERSION = YES_AGGRESSIVE;
				CLANG_CXX_LANGUAGE_STANDARD = "gnu++14";
				CLANG_CXX_LIBRARY = "libc++";
				CLANG_ENABLE_MODULES = YES;
				CLANG_ENABLE_OBJC_ARC = YES;
				CLANG_ENABLE_OBJC_WEAK = YES;
				CLANG_WARN_BLOCK_CAPTURE_AUTORELEASING = YES;
				CLANG_WARN_BOOL_CONVERSION = YES;
				CLANG_WARN_COMMA = YES;
				CLANG_WARN_CONSTANT_CONVERSION = YES;
				CLANG_WARN_DEPRECATED_OBJC_IMPLEMENTATIONS = YES;
				CLANG_WARN_DIRECT_OBJC_ISA_USAGE = YES_ERROR;
				CLANG_WARN_DOCUMENTATION_COMMENTS = YES;
				CLANG_WARN_EMPTY_BODY = YES;
				CLANG_WARN_ENUM_CONVERSION = YES;
				CLANG_WARN_INFINITE_RECURSION = YES;
				CLANG_WARN_INT_CONVERSION = YES;
				CLANG_WARN_NON_LITERAL_NULL_CONVERSION = YES;
				CLANG_WARN_OBJC_IMPLICIT_RETAIN_SELF = YES;
				CLANG_WARN_OBJC_LITERAL_CONVERSION = YES;
				CLANG_WARN_OBJC_ROOT_CLASS = YES_ERROR;
				CLANG_WARN_RANGE_LOOP_ANALYSIS = YES;
				CLANG_WARN_STRICT_PROTOTYPES = YES;
				CLANG_WARN_SUSPICIOUS_MOVE = YES;
				CLANG_WARN_UNGUARDED_AVAILABILITY = YES_AGGRESSIVE;
				CLANG_WARN_UNREACHABLE_CODE = YES;
				CLANG_WARN__DUPLICATE_METHOD_MATCH = YES;
				COPY_PHASE_STRIP = NO;
				DEBUG_INFORMATION_FORMAT = dwarf;
				ENABLE_STRICT_OBJC_MSGSEND = YES;
				ENABLE_TESTABILITY = YES;
				GCC_C_LANGUAGE_STANDARD = gnu11;
				GCC_DYNAMIC_NO_PIC = NO;
				GCC_NO_COMMON_BLOCKS = YES;
				GCC_OPTIMIZATION_LEVEL = 0;
				GCC_PREPROCESSOR_DEFINITIONS = (
					"DEBUG=1",
					"$(inherited)",
				);
				GCC_WARN_64_TO_32_BIT_CONVERSION = YES;
				GCC_WARN_ABOUT_RETURN_TYPE = YES_ERROR;
				GCC_WARN_UNDECLARED_SELECTOR = YES;
				GCC_WARN_UNINITIALIZED_AUTOS = YES_AGGRESSIVE;
				GCC_WARN_UNUSED_FUNCTION = YES;
				GCC_WARN_UNUSED_VARIABLE = YES;
				IPHONEOS_DEPLOYMENT_TARGET = 13.2;
				MTL_ENABLE_DEBUG_INFO = INCLUDE_SOURCE;
				MTL_FAST_MATH = YES;
				ONLY_ACTIVE_ARCH = YES;
				SDKROOT = iphoneos;
				SWIFT_ACTIVE_COMPILATION_CONDITIONS = DEBUG;
				SWIFT_OPTIMIZATION_LEVEL = "-Onone";
			};
			name = Debug;
		};
		B336A85B2414027B003DE924 /* Release */ = {
			isa = XCBuildConfiguration;
			buildSettings = {
				ALWAYS_SEARCH_USER_PATHS = NO;
				CLANG_ANALYZER_NONNULL = YES;
				CLANG_ANALYZER_NUMBER_OBJECT_CONVERSION = YES_AGGRESSIVE;
				CLANG_CXX_LANGUAGE_STANDARD = "gnu++14";
				CLANG_CXX_LIBRARY = "libc++";
				CLANG_ENABLE_MODULES = YES;
				CLANG_ENABLE_OBJC_ARC = YES;
				CLANG_ENABLE_OBJC_WEAK = YES;
				CLANG_WARN_BLOCK_CAPTURE_AUTORELEASING = YES;
				CLANG_WARN_BOOL_CONVERSION = YES;
				CLANG_WARN_COMMA = YES;
				CLANG_WARN_CONSTANT_CONVERSION = YES;
				CLANG_WARN_DEPRECATED_OBJC_IMPLEMENTATIONS = YES;
				CLANG_WARN_DIRECT_OBJC_ISA_USAGE = YES_ERROR;
				CLANG_WARN_DOCUMENTATION_COMMENTS = YES;
				CLANG_WARN_EMPTY_BODY = YES;
				CLANG_WARN_ENUM_CONVERSION = YES;
				CLANG_WARN_INFINITE_RECURSION = YES;
				CLANG_WARN_INT_CONVERSION = YES;
				CLANG_WARN_NON_LITERAL_NULL_CONVERSION = YES;
				CLANG_WARN_OBJC_IMPLICIT_RETAIN_SELF = YES;
				CLANG_WARN_OBJC_LITERAL_CONVERSION = YES;
				CLANG_WARN_OBJC_ROOT_CLASS = YES_ERROR;
				CLANG_WARN_RANGE_LOOP_ANALYSIS = YES;
				CLANG_WARN_STRICT_PROTOTYPES = YES;
				CLANG_WARN_SUSPICIOUS_MOVE = YES;
				CLANG_WARN_UNGUARDED_AVAILABILITY = YES_AGGRESSIVE;
				CLANG_WARN_UNREACHABLE_CODE = YES;
				CLANG_WARN__DUPLICATE_METHOD_MATCH = YES;
				COPY_PHASE_STRIP = NO;
				DEBUG_INFORMATION_FORMAT = "dwarf-with-dsym";
				ENABLE_NS_ASSERTIONS = NO;
				ENABLE_STRICT_OBJC_MSGSEND = YES;
				GCC_C_LANGUAGE_STANDARD = gnu11;
				GCC_NO_COMMON_BLOCKS = YES;
				GCC_WARN_64_TO_32_BIT_CONVERSION = YES;
				GCC_WARN_ABOUT_RETURN_TYPE = YES_ERROR;
				GCC_WARN_UNDECLARED_SELECTOR = YES;
				GCC_WARN_UNINITIALIZED_AUTOS = YES_AGGRESSIVE;
				GCC_WARN_UNUSED_FUNCTION = YES;
				GCC_WARN_UNUSED_VARIABLE = YES;
				IPHONEOS_DEPLOYMENT_TARGET = 13.2;
				MTL_ENABLE_DEBUG_INFO = NO;
				MTL_FAST_MATH = YES;
				SDKROOT = iphoneos;
				SWIFT_COMPILATION_MODE = wholemodule;
				SWIFT_OPTIMIZATION_LEVEL = "-O";
				VALIDATE_PRODUCT = YES;
			};
			name = Release;
		};
		B336A85D2414027B003DE924 /* Debug */ = {
			isa = XCBuildConfiguration;
			buildSettings = {
				ASSETCATALOG_COMPILER_APPICON_NAME = AppIcon;
				CODE_SIGN_STYLE = Automatic;
				INFOPLIST_FILE = PhoneBook/Info.plist;
				LD_RUNPATH_SEARCH_PATHS = (
					"$(inherited)",
					"@executable_path/Frameworks",
				);
				PRODUCT_BUNDLE_IDENTIFIER = org.techtown.PhoneBook;
				PRODUCT_NAME = "$(TARGET_NAME)";
				SWIFT_VERSION = 5.0;
				TARGETED_DEVICE_FAMILY = "1,2";
			};
			name = Debug;
		};
		B336A85E2414027B003DE924 /* Release */ = {
			isa = XCBuildConfiguration;
			buildSettings = {
				ASSETCATALOG_COMPILER_APPICON_NAME = AppIcon;
				CODE_SIGN_STYLE = Automatic;
				INFOPLIST_FILE = PhoneBook/Info.plist;
				LD_RUNPATH_SEARCH_PATHS = (
					"$(inherited)",
					"@executable_path/Frameworks",
				);
				PRODUCT_BUNDLE_IDENTIFIER = org.techtown.PhoneBook;
				PRODUCT_NAME = "$(TARGET_NAME)";
				SWIFT_VERSION = 5.0;
				TARGETED_DEVICE_FAMILY = "1,2";
			};
			name = Release;
		};
		B336A8602414027B003DE924 /* Debug */ = {
			isa = XCBuildConfiguration;
			buildSettings = {
				ALWAYS_EMBED_SWIFT_STANDARD_LIBRARIES = YES;
				BUNDLE_LOADER = "$(TEST_HOST)";
				CODE_SIGN_STYLE = Automatic;
				INFOPLIST_FILE = PhoneBookTests/Info.plist;
				IPHONEOS_DEPLOYMENT_TARGET = 13.2;
				LD_RUNPATH_SEARCH_PATHS = (
					"$(inherited)",
					"@executable_path/Frameworks",
					"@loader_path/Frameworks",
				);
				PRODUCT_BUNDLE_IDENTIFIER = org.techtown.PhoneBookTests;
				PRODUCT_NAME = "$(TARGET_NAME)";
				SWIFT_VERSION = 5.0;
				TARGETED_DEVICE_FAMILY = "1,2";
				TEST_HOST = "$(BUILT_PRODUCTS_DIR)/PhoneBook.app/PhoneBook";
			};
			name = Debug;
		};
		B336A8612414027B003DE924 /* Release */ = {
			isa = XCBuildConfiguration;
			buildSettings = {
				ALWAYS_EMBED_SWIFT_STANDARD_LIBRARIES = YES;
				BUNDLE_LOADER = "$(TEST_HOST)";
				CODE_SIGN_STYLE = Automatic;
				INFOPLIST_FILE = PhoneBookTests/Info.plist;
				IPHONEOS_DEPLOYMENT_TARGET = 13.2;
				LD_RUNPATH_SEARCH_PATHS = (
					"$(inherited)",
					"@executable_path/Frameworks",
					"@loader_path/Frameworks",
				);
				PRODUCT_BUNDLE_IDENTIFIER = org.techtown.PhoneBookTests;
				PRODUCT_NAME = "$(TARGET_NAME)";
				SWIFT_VERSION = 5.0;
				TARGETED_DEVICE_FAMILY = "1,2";
				TEST_HOST = "$(BUILT_PRODUCTS_DIR)/PhoneBook.app/PhoneBook";
			};
			name = Release;
		};
		B336A8632414027B003DE924 /* Debug */ = {
			isa = XCBuildConfiguration;
			buildSettings = {
				ALWAYS_EMBED_SWIFT_STANDARD_LIBRARIES = YES;
				CODE_SIGN_STYLE = Automatic;
				INFOPLIST_FILE = PhoneBookUITests/Info.plist;
				LD_RUNPATH_SEARCH_PATHS = (
					"$(inherited)",
					"@executable_path/Frameworks",
					"@loader_path/Frameworks",
				);
				PRODUCT_BUNDLE_IDENTIFIER = org.techtown.PhoneBookUITests;
				PRODUCT_NAME = "$(TARGET_NAME)";
				SWIFT_VERSION = 5.0;
				TARGETED_DEVICE_FAMILY = "1,2";
				TEST_TARGET_NAME = PhoneBook;
			};
			name = Debug;
		};
		B336A8642414027B003DE924 /* Release */ = {
			isa = XCBuildConfiguration;
			buildSettings = {
				ALWAYS_EMBED_SWIFT_STANDARD_LIBRARIES = YES;
				CODE_SIGN_STYLE = Automatic;
				INFOPLIST_FILE = PhoneBookUITests/Info.plist;
				LD_RUNPATH_SEARCH_PATHS = (
					"$(inherited)",
					"@executable_path/Frameworks",
					"@loader_path/Frameworks",
				);
				PRODUCT_BUNDLE_IDENTIFIER = org.techtown.PhoneBookUITests;
				PRODUCT_NAME = "$(TARGET_NAME)";
				SWIFT_VERSION = 5.0;
				TARGETED_DEVICE_FAMILY = "1,2";
				TEST_TARGET_NAME = PhoneBook;
			};
			name = Release;
		};
/* End XCBuildConfiguration section */

/* Begin XCConfigurationList section */
		B336A82D2414027A003DE924 /* Build configuration list for PBXProject "PhoneBook" */ = {
			isa = XCConfigurationList;
			buildConfigurations = (
				B336A85A2414027B003DE924 /* Debug */,
				B336A85B2414027B003DE924 /* Release */,
			);
			defaultConfigurationIsVisible = 0;
			defaultConfigurationName = Release;
		};
		B336A85C2414027B003DE924 /* Build configuration list for PBXNativeTarget "PhoneBook" */ = {
			isa = XCConfigurationList;
			buildConfigurations = (
				B336A85D2414027B003DE924 /* Debug */,
				B336A85E2414027B003DE924 /* Release */,
			);
			defaultConfigurationIsVisible = 0;
			defaultConfigurationName = Release;
		};
		B336A85F2414027B003DE924 /* Build configuration list for PBXNativeTarget "PhoneBookTests" */ = {
			isa = XCConfigurationList;
			buildConfigurations = (
				B336A8602414027B003DE924 /* Debug */,
				B336A8612414027B003DE924 /* Release */,
			);
			defaultConfigurationIsVisible = 0;
			defaultConfigurationName = Release;
		};
		B336A8622414027B003DE924 /* Build configuration list for PBXNativeTarget "PhoneBookUITests" */ = {
			isa = XCConfigurationList;
			buildConfigurations = (
				B336A8632414027B003DE924 /* Debug */,
				B336A8642414027B003DE924 /* Release */,
			);
			defaultConfigurationIsVisible = 0;
			defaultConfigurationName = Release;
		};
/* End XCConfigurationList section */
	};
	rootObject = B336A82A2414027A003DE924 /* Project object */;
}
