// !$*UTF8*$!
{
	archiveVersion = 1;
	classes = {
	};
	objectVersion = 50;
	objects = {

/* Begin PBXBuildFile section */
		B336A7EE2413B345003DE924 /* AppDelegate.swift in Sources */ = {isa = PBXBuildFile; fileRef = B336A7ED2413B345003DE924 /* AppDelegate.swift */; };
		B336A7F02413B345003DE924 /* SceneDelegate.swift in Sources */ = {isa = PBXBuildFile; fileRef = B336A7EF2413B345003DE924 /* SceneDelegate.swift */; };
		B336A7F22413B345003DE924 /* ViewController.swift in Sources */ = {isa = PBXBuildFile; fileRef = B336A7F12413B345003DE924 /* ViewController.swift */; };
		B336A7F52413B345003DE924 /* Main.storyboard in Resources */ = {isa = PBXBuildFile; fileRef = B336A7F32413B345003DE924 /* Main.storyboard */; };
		B336A7F72413B346003DE924 /* Assets.xcassets in Resources */ = {isa = PBXBuildFile; fileRef = B336A7F62413B346003DE924 /* Assets.xcassets */; };
		B336A7FA2413B346003DE924 /* LaunchScreen.storyboard in Resources */ = {isa = PBXBuildFile; fileRef = B336A7F82413B346003DE924 /* LaunchScreen.storyboard */; };
		B336A8052413B346003DE924 /* CustomerTests.swift in Sources */ = {isa = PBXBuildFile; fileRef = B336A8042413B346003DE924 /* CustomerTests.swift */; };
		B336A8102413B346003DE924 /* CustomerUITests.swift in Sources */ = {isa = PBXBuildFile; fileRef = B336A80F2413B346003DE924 /* CustomerUITests.swift */; };
		B336A81E2413B936003DE924 /* MenuViewController.swift in Sources */ = {isa = PBXBuildFile; fileRef = B336A81D2413B936003DE924 /* MenuViewController.swift */; };
		B336A8242413CA94003DE924 /* CustomerInfo.swift in Sources */ = {isa = PBXBuildFile; fileRef = B336A8232413CA94003DE924 /* CustomerInfo.swift */; };
		B336A8262413CAA1003DE924 /* CustomerService.swift in Sources */ = {isa = PBXBuildFile; fileRef = B336A8252413CAA1003DE924 /* CustomerService.swift */; };
/* End PBXBuildFile section */

/* Begin PBXContainerItemProxy section */
		B336A8012413B346003DE924 /* PBXContainerItemProxy */ = {
			isa = PBXContainerItemProxy;
			containerPortal = B336A7E22413B345003DE924 /* Project object */;
			proxyType = 1;
			remoteGlobalIDString = B336A7E92413B345003DE924;
			remoteInfo = Customer;
		};
		B336A80C2413B346003DE924 /* PBXContainerItemProxy */ = {
			isa = PBXContainerItemProxy;
			containerPortal = B336A7E22413B345003DE924 /* Project object */;
			proxyType = 1;
			remoteGlobalIDString = B336A7E92413B345003DE924;
			remoteInfo = Customer;
		};
/* End PBXContainerItemProxy section */

/* Begin PBXFileReference section */
		B336A7EA2413B345003DE924 /* Customer.app */ = {isa = PBXFileReference; explicitFileType = wrapper.application; includeInIndex = 0; path = Customer.app; sourceTree = BUILT_PRODUCTS_DIR; };
		B336A7ED2413B345003DE924 /* AppDelegate.swift */ = {isa = PBXFileReference; lastKnownFileType = sourcecode.swift; path = AppDelegate.swift; sourceTree = "<group>"; };
		B336A7EF2413B345003DE924 /* SceneDelegate.swift */ = {isa = PBXFileReference; lastKnownFileType = sourcecode.swift; path = SceneDelegate.swift; sourceTree = "<group>"; };
		B336A7F12413B345003DE924 /* ViewController.swift */ = {isa = PBXFileReference; lastKnownFileType = sourcecode.swift; path = ViewController.swift; sourceTree = "<group>"; };
		B336A7F42413B345003DE924 /* Base */ = {isa = PBXFileReference; lastKnownFileType = file.storyboard; name = Base; path = Base.lproj/Main.storyboard; sourceTree = "<group>"; };
		B336A7F62413B346003DE924 /* Assets.xcassets */ = {isa = PBXFileReference; lastKnownFileType = folder.assetcatalog; path = Assets.xcassets; sourceTree = "<group>"; };
		B336A7F92413B346003DE924 /* Base */ = {isa = PBXFileReference; lastKnownFileType = file.storyboard; name = Base; path = Base.lproj/LaunchScreen.storyboard; sourceTree = "<group>"; };
		B336A7FB2413B346003DE924 /* Info.plist */ = {isa = PBXFileReference; lastKnownFileType = text.plist.xml; path = Info.plist; sourceTree = "<group>"; };
		B336A8002413B346003DE924 /* CustomerTests.xctest */ = {isa = PBXFileReference; explicitFileType = wrapper.cfbundle; includeInIndex = 0; path = CustomerTests.xctest; sourceTree = BUILT_PRODUCTS_DIR; };
		B336A8042413B346003DE924 /* CustomerTests.swift */ = {isa = PBXFileReference; lastKnownFileType = sourcecode.swift; path = CustomerTests.swift; sourceTree = "<group>"; };
		B336A8062413B346003DE924 /* Info.plist */ = {isa = PBXFileReference; lastKnownFileType = text.plist.xml; path = Info.plist; sourceTree = "<group>"; };
		B336A80B2413B346003DE924 /* CustomerUITests.xctest */ = {isa = PBXFileReference; explicitFileType = wrapper.cfbundle; includeInIndex = 0; path = CustomerUITests.xctest; sourceTree = BUILT_PRODUCTS_DIR; };
		B336A80F2413B346003DE924 /* CustomerUITests.swift */ = {isa = PBXFileReference; lastKnownFileType = sourcecode.swift; path = CustomerUITests.swift; sourceTree = "<group>"; };
		B336A8112413B346003DE924 /* Info.plist */ = {isa = PBXFileReference; lastKnownFileType = text.plist.xml; path = Info.plist; sourceTree = "<group>"; };
		B336A81D2413B936003DE924 /* MenuViewController.swift */ = {isa = PBXFileReference; lastKnownFileType = sourcecode.swift; path = MenuViewController.swift; sourceTree = "<group>"; };
		B336A8232413CA94003DE924 /* CustomerInfo.swift */ = {isa = PBXFileReference; lastKnownFileType = sourcecode.swift; path = CustomerInfo.swift; sourceTree = "<group>"; };
		B336A8252413CAA1003DE924 /* CustomerService.swift */ = {isa = PBXFileReference; lastKnownFileType = sourcecode.swift; path = CustomerService.swift; sourceTree = "<group>"; };
/* End PBXFileReference section */

/* Begin PBXFrameworksBuildPhase section */
		B336A7E72413B345003DE924 /* Frameworks */ = {
			isa = PBXFrameworksBuildPhase;
			buildActionMask = 2147483647;
			files = (
			);
			runOnlyForDeploymentPostprocessing = 0;
		};
		B336A7FD2413B346003DE924 /* Frameworks */ = {
			isa = PBXFrameworksBuildPhase;
			buildActionMask = 2147483647;
			files = (
			);
			runOnlyForDeploymentPostprocessing = 0;
		};
		B336A8082413B346003DE924 /* Frameworks */ = {
			isa = PBXFrameworksBuildPhase;
			buildActionMask = 2147483647;
			files = (
			);
			runOnlyForDeploymentPostprocessing = 0;
		};
/* End PBXFrameworksBuildPhase section */

/* Begin PBXGroup section */
		B336A7E12413B345003DE924 = {
			isa = PBXGroup;
			children = (
				B336A7EC2413B345003DE924 /* Customer */,
				B336A8032413B346003DE924 /* CustomerTests */,
				B336A80E2413B346003DE924 /* CustomerUITests */,
				B336A7EB2413B345003DE924 /* Products */,
			);
			sourceTree = "<group>";
		};
		B336A7EB2413B345003DE924 /* Products */ = {
			isa = PBXGroup;
			children = (
				B336A7EA2413B345003DE924 /* Customer.app */,
				B336A8002413B346003DE924 /* CustomerTests.xctest */,
				B336A80B2413B346003DE924 /* CustomerUITests.xctest */,
			);
			name = Products;
			sourceTree = "<group>";
		};
		B336A7EC2413B345003DE924 /* Customer */ = {
			isa = PBXGroup;
			children = (
				B336A7ED2413B345003DE924 /* AppDelegate.swift */,
				B336A7EF2413B345003DE924 /* SceneDelegate.swift */,
				B336A7F12413B345003DE924 /* ViewController.swift */,
				B336A7F32413B345003DE924 /* Main.storyboard */,
				B336A7F62413B346003DE924 /* Assets.xcassets */,
				B336A7F82413B346003DE924 /* LaunchScreen.storyboard */,
				B336A7FB2413B346003DE924 /* Info.plist */,
				B336A81D2413B936003DE924 /* MenuViewController.swift */,
				B336A8232413CA94003DE924 /* CustomerInfo.swift */,
				B336A8252413CAA1003DE924 /* CustomerService.swift */,
			);
			path = Customer;
			sourceTree = "<group>";
		};
		B336A8032413B346003DE924 /* CustomerTests */ = {
			isa = PBXGroup;
			children = (
				B336A8042413B346003DE924 /* CustomerTests.swift */,
				B336A8062413B346003DE924 /* Info.plist */,
			);
			path = CustomerTests;
			sourceTree = "<group>";
		};
		B336A80E2413B346003DE924 /* CustomerUITests */ = {
			isa = PBXGroup;
			children = (
				B336A80F2413B346003DE924 /* CustomerUITests.swift */,
				B336A8112413B346003DE924 /* Info.plist */,
			);
			path = CustomerUITests;
			sourceTree = "<group>";
		};
/* End PBXGroup section */

/* Begin PBXNativeTarget section */
		B336A7E92413B345003DE924 /* Customer */ = {
			isa = PBXNativeTarget;
			buildConfigurationList = B336A8142413B346003DE924 /* Build configuration list for PBXNativeTarget "Customer" */;
			buildPhases = (
				B336A7E62413B345003DE924 /* Sources */,
				B336A7E72413B345003DE924 /* Frameworks */,
				B336A7E82413B345003DE924 /* Resources */,
			);
			buildRules = (
			);
			dependencies = (
			);
			name = Customer;
			productName = Customer;
			productReference = B336A7EA2413B345003DE924 /* Customer.app */;
			productType = "com.apple.product-type.application";
		};
		B336A7FF2413B346003DE924 /* CustomerTests */ = {
			isa = PBXNativeTarget;
			buildConfigurationList = B336A8172413B346003DE924 /* Build configuration list for PBXNativeTarget "CustomerTests" */;
			buildPhases = (
				B336A7FC2413B346003DE924 /* Sources */,
				B336A7FD2413B346003DE924 /* Frameworks */,
				B336A7FE2413B346003DE924 /* Resources */,
			);
			buildRules = (
			);
			dependencies = (
				B336A8022413B346003DE924 /* PBXTargetDependency */,
			);
			name = CustomerTests;
			productName = CustomerTests;
			productReference = B336A8002413B346003DE924 /* CustomerTests.xctest */;
			productType = "com.apple.product-type.bundle.unit-test";
		};
		B336A80A2413B346003DE924 /* CustomerUITests */ = {
			isa = PBXNativeTarget;
			buildConfigurationList = B336A81A2413B346003DE924 /* Build configuration list for PBXNativeTarget "CustomerUITests" */;
			buildPhases = (
				B336A8072413B346003DE924 /* Sources */,
				B336A8082413B346003DE924 /* Frameworks */,
				B336A8092413B346003DE924 /* Resources */,
			);
			buildRules = (
			);
			dependencies = (
				B336A80D2413B346003DE924 /* PBXTargetDependency */,
			);
			name = CustomerUITests;
			productName = CustomerUITests;
			productReference = B336A80B2413B346003DE924 /* CustomerUITests.xctest */;
			productType = "com.apple.product-type.bundle.ui-testing";
		};
/* End PBXNativeTarget section */

/* Begin PBXProject section */
		B336A7E22413B345003DE924 /* Project object */ = {
			isa = PBXProject;
			attributes = {
				LastSwiftUpdateCheck = 1130;
				LastUpgradeCheck = 1130;
				ORGANIZATIONNAME = "Ye Joon Ko";
				TargetAttributes = {
					B336A7E92413B345003DE924 = {
						CreatedOnToolsVersion = 11.3.1;
					};
					B336A7FF2413B346003DE924 = {
						CreatedOnToolsVersion = 11.3.1;
						TestTargetID = B336A7E92413B345003DE924;
					};
					B336A80A2413B346003DE924 = {
						CreatedOnToolsVersion = 11.3.1;
						TestTargetID = B336A7E92413B345003DE924;
					};
				};
			};
			buildConfigurationList = B336A7E52413B345003DE924 /* Build configuration list for PBXProject "Customer" */;
			compatibilityVersion = "Xcode 9.3";
			developmentRegion = en;
			hasScannedForEncodings = 0;
			knownRegions = (
				en,
				Base,
			);
			mainGroup = B336A7E12413B345003DE924;
			productRefGroup = B336A7EB2413B345003DE924 /* Products */;
			projectDirPath = "";
			projectRoot = "";
			targets = (
				B336A7E92413B345003DE924 /* Customer */,
				B336A7FF2413B346003DE924 /* CustomerTests */,
				B336A80A2413B346003DE924 /* CustomerUITests */,
			);
		};
/* End PBXProject section */

/* Begin PBXResourcesBuildPhase section */
		B336A7E82413B345003DE924 /* Resources */ = {
			isa = PBXResourcesBuildPhase;
			buildActionMask = 2147483647;
			files = (
				B336A7FA2413B346003DE924 /* LaunchScreen.storyboard in Resources */,
				B336A7F72413B346003DE924 /* Assets.xcassets in Resources */,
				B336A7F52413B345003DE924 /* Main.storyboard in Resources */,
			);
			runOnlyForDeploymentPostprocessing = 0;
		};
		B336A7FE2413B346003DE924 /* Resources */ = {
			isa = PBXResourcesBuildPhase;
			buildActionMask = 2147483647;
			files = (
			);
			runOnlyForDeploymentPostprocessing = 0;
		};
		B336A8092413B346003DE924 /* Resources */ = {
			isa = PBXResourcesBuildPhase;
			buildActionMask = 2147483647;
			files = (
			);
			runOnlyForDeploymentPostprocessing = 0;
		};
/* End PBXResourcesBuildPhase section */

/* Begin PBXSourcesBuildPhase section */
		B336A7E62413B345003DE924 /* Sources */ = {
			isa = PBXSourcesBuildPhase;
			buildActionMask = 2147483647;
			files = (
				B336A7F22413B345003DE924 /* ViewController.swift in Sources */,
				B336A8242413CA94003DE924 /* CustomerInfo.swift in Sources */,
				B336A7EE2413B345003DE924 /* AppDelegate.swift in Sources */,
				B336A8262413CAA1003DE924 /* CustomerService.swift in Sources */,
				B336A7F02413B345003DE924 /* SceneDelegate.swift in Sources */,
				B336A81E2413B936003DE924 /* MenuViewController.swift in Sources */,
			);
			runOnlyForDeploymentPostprocessing = 0;
		};
		B336A7FC2413B346003DE924 /* Sources */ = {
			isa = PBXSourcesBuildPhase;
			buildActionMask = 2147483647;
			files = (
				B336A8052413B346003DE924 /* CustomerTests.swift in Sources */,
			);
			runOnlyForDeploymentPostprocessing = 0;
		};
		B336A8072413B346003DE924 /* Sources */ = {
			isa = PBXSourcesBuildPhase;
			buildActionMask = 2147483647;
			files = (
				B336A8102413B346003DE924 /* CustomerUITests.swift in Sources */,
			);
			runOnlyForDeploymentPostprocessing = 0;
		};
/* End PBXSourcesBuildPhase section */

/* Begin PBXTargetDependency section */
		B336A8022413B346003DE924 /* PBXTargetDependency */ = {
			isa = PBXTargetDependency;
			target = B336A7E92413B345003DE924 /* Customer */;
			targetProxy = B336A8012413B346003DE924 /* PBXContainerItemProxy */;
		};
		B336A80D2413B346003DE924 /* PBXTargetDependency */ = {
			isa = PBXTargetDependency;
			target = B336A7E92413B345003DE924 /* Customer */;
			targetProxy = B336A80C2413B346003DE924 /* PBXContainerItemProxy */;
		};
/* End PBXTargetDependency section */

/* Begin PBXVariantGroup section */
		B336A7F32413B345003DE924 /* Main.storyboard */ = {
			isa = PBXVariantGroup;
			children = (
				B336A7F42413B345003DE924 /* Base */,
			);
			name = Main.storyboard;
			sourceTree = "<group>";
		};
		B336A7F82413B346003DE924 /* LaunchScreen.storyboard */ = {
			isa = PBXVariantGroup;
			children = (
				B336A7F92413B346003DE924 /* Base */,
			);
			name = LaunchScreen.storyboard;
			sourceTree = "<group>";
		};
/* End PBXVariantGroup section */

/* Begin XCBuildConfiguration section */
		B336A8122413B346003DE924 /* Debug */ = {
			isa = XCBuildConfiguration;
			buildSettings = {
				ALWAYS_SEARCH_USER_PATHS = NO;
				CLANG_ANALYZER_NONNULL = YES;
				CLANG_ANALYZER_NUMBER_OBJECT_CONVERSION = YES_AGGRESSIVE;
				CLANG_CXX_LANGUAGE_STANDARD = "gnu++14";
				CLANG_CXX_LIBRARY = "libc++";
				CLANG_ENABLE_MODULES = YES;
				CLANG_ENABLE_OBJC_ARC = YES;
				CLANG_ENABLE_OBJC_WEAK = YES;
				CLANG_WARN_BLOCK_CAPTURE_AUTORELEASING = YES;
				CLANG_WARN_BOOL_CONVERSION = YES;
				CLANG_WARN_COMMA = YES;
				CLANG_WARN_CONSTANT_CONVERSION = YES;
				CLANG_WARN_DEPRECATED_OBJC_IMPLEMENTATIONS = YES;
				CLANG_WARN_DIRECT_OBJC_ISA_USAGE = YES_ERROR;
				CLANG_WARN_DOCUMENTATION_COMMENTS = YES;
				CLANG_WARN_EMPTY_BODY = YES;
				CLANG_WARN_ENUM_CONVERSION = YES;
				CLANG_WARN_INFINITE_RECURSION = YES;
				CLANG_WARN_INT_CONVERSION = YES;
				CLANG_WARN_NON_LITERAL_NULL_CONVERSION = YES;
				CLANG_WARN_OBJC_IMPLICIT_RETAIN_SELF = YES;
				CLANG_WARN_OBJC_LITERAL_CONVERSION = YES;
				CLANG_WARN_OBJC_ROOT_CLASS = YES_ERROR;
				CLANG_WARN_RANGE_LOOP_ANALYSIS = YES;
				CLANG_WARN_STRICT_PROTOTYPES = YES;
				CLANG_WARN_SUSPICIOUS_MOVE = YES;
				CLANG_WARN_UNGUARDED_AVAILABILITY = YES_AGGRESSIVE;
				CLANG_WARN_UNREACHABLE_CODE = YES;
				CLANG_WARN__DUPLICATE_METHOD_MATCH = YES;
				COPY_PHASE_STRIP = NO;
				DEBUG_INFORMATION_FORMAT = dwarf;
				ENABLE_STRICT_OBJC_MSGSEND = YES;
				ENABLE_TESTABILITY = YES;
				GCC_C_LANGUAGE_STANDARD = gnu11;
				GCC_DYNAMIC_NO_PIC = NO;
				GCC_NO_COMMON_BLOCKS = YES;
				GCC_OPTIMIZATION_LEVEL = 0;
				GCC_PREPROCESSOR_DEFINITIONS = (
					"DEBUG=1",
					"$(inherited)",
				);
				GCC_WARN_64_TO_32_BIT_CONVERSION = YES;
				GCC_WARN_ABOUT_RETURN_TYPE = YES_ERROR;
				GCC_WARN_UNDECLARED_SELECTOR = YES;
				GCC_WARN_UNINITIALIZED_AUTOS = YES_AGGRESSIVE;
				GCC_WARN_UNUSED_FUNCTION = YES;
				GCC_WARN_UNUSED_VARIABLE = YES;
				IPHONEOS_DEPLOYMENT_TARGET = 13.2;
				MTL_ENABLE_DEBUG_INFO = INCLUDE_SOURCE;
				MTL_FAST_MATH = YES;
				ONLY_ACTIVE_ARCH = YES;
				SDKROOT = iphoneos;
				SWIFT_ACTIVE_COMPILATION_CONDITIONS = DEBUG;
				SWIFT_OPTIMIZATION_LEVEL = "-Onone";
			};
			name = Debug;
		};
		B336A8132413B346003DE924 /* Release */ = {
			isa = XCBuildConfiguration;
			buildSettings = {
				ALWAYS_SEARCH_USER_PATHS = NO;
				CLANG_ANALYZER_NONNULL = YES;
				CLANG_ANALYZER_NUMBER_OBJECT_CONVERSION = YES_AGGRESSIVE;
				CLANG_CXX_LANGUAGE_STANDARD = "gnu++14";
				CLANG_CXX_LIBRARY = "libc++";
				CLANG_ENABLE_MODULES = YES;
				CLANG_ENABLE_OBJC_ARC = YES;
				CLANG_ENABLE_OBJC_WEAK = YES;
				CLANG_WARN_BLOCK_CAPTURE_AUTORELEASING = YES;
				CLANG_WARN_BOOL_CONVERSION = YES;
				CLANG_WARN_COMMA = YES;
				CLANG_WARN_CONSTANT_CONVERSION = YES;
				CLANG_WARN_DEPRECATED_OBJC_IMPLEMENTATIONS = YES;
				CLANG_WARN_DIRECT_OBJC_ISA_USAGE = YES_ERROR;
				CLANG_WARN_DOCUMENTATION_COMMENTS = YES;
				CLANG_WARN_EMPTY_BODY = YES;
				CLANG_WARN_ENUM_CONVERSION = YES;
				CLANG_WARN_INFINITE_RECURSION = YES;
				CLANG_WARN_INT_CONVERSION = YES;
				CLANG_WARN_NON_LITERAL_NULL_CONVERSION = YES;
				CLANG_WARN_OBJC_IMPLICIT_RETAIN_SELF = YES;
				CLANG_WARN_OBJC_LITERAL_CONVERSION = YES;
				CLANG_WARN_OBJC_ROOT_CLASS = YES_ERROR;
				CLANG_WARN_RANGE_LOOP_ANALYSIS = YES;
				CLANG_WARN_STRICT_PROTOTYPES = YES;
				CLANG_WARN_SUSPICIOUS_MOVE = YES;
				CLANG_WARN_UNGUARDED_AVAILABILITY = YES_AGGRESSIVE;
				CLANG_WARN_UNREACHABLE_CODE = YES;
				CLANG_WARN__DUPLICATE_METHOD_MATCH = YES;
				COPY_PHASE_STRIP = NO;
				DEBUG_INFORMATION_FORMAT = "dwarf-with-dsym";
				ENABLE_NS_ASSERTIONS = NO;
				ENABLE_STRICT_OBJC_MSGSEND = YES;
				GCC_C_LANGUAGE_STANDARD = gnu11;
				GCC_NO_COMMON_BLOCKS = YES;
				GCC_WARN_64_TO_32_BIT_CONVERSION = YES;
				GCC_WARN_ABOUT_RETURN_TYPE = YES_ERROR;
				GCC_WARN_UNDECLARED_SELECTOR = YES;
				GCC_WARN_UNINITIALIZED_AUTOS = YES_AGGRESSIVE;
				GCC_WARN_UNUSED_FUNCTION = YES;
				GCC_WARN_UNUSED_VARIABLE = YES;
				IPHONEOS_DEPLOYMENT_TARGET = 13.2;
				MTL_ENABLE_DEBUG_INFO = NO;
				MTL_FAST_MATH = YES;
				SDKROOT = iphoneos;
				SWIFT_COMPILATION_MODE = wholemodule;
				SWIFT_OPTIMIZATION_LEVEL = "-O";
				VALIDATE_PRODUCT = YES;
			};
			name = Release;
		};
		B336A8152413B346003DE924 /* Debug */ = {
			isa = XCBuildConfiguration;
			buildSettings = {
				ASSETCATALOG_COMPILER_APPICON_NAME = AppIcon;
				CODE_SIGN_STYLE = Automatic;
				INFOPLIST_FILE = Customer/Info.plist;
				LD_RUNPATH_SEARCH_PATHS = (
					"$(inherited)",
					"@executable_path/Frameworks",
				);
				PRODUCT_BUNDLE_IDENTIFIER = org.techtown.Customer;
				PRODUCT_NAME = "$(TARGET_NAME)";
				SWIFT_VERSION = 5.0;
				TARGETED_DEVICE_FAMILY = "1,2";
			};
			name = Debug;
		};
		B336A8162413B346003DE924 /* Release */ = {
			isa = XCBuildConfiguration;
			buildSettings = {
				ASSETCATALOG_COMPILER_APPICON_NAME = AppIcon;
				CODE_SIGN_STYLE = Automatic;
				INFOPLIST_FILE = Customer/Info.plist;
				LD_RUNPATH_SEARCH_PATHS = (
					"$(inherited)",
					"@executable_path/Frameworks",
				);
				PRODUCT_BUNDLE_IDENTIFIER = org.techtown.Customer;
				PRODUCT_NAME = "$(TARGET_NAME)";
				SWIFT_VERSION = 5.0;
				TARGETED_DEVICE_FAMILY = "1,2";
			};
			name = Release;
		};
		B336A8182413B346003DE924 /* Debug */ = {
			isa = XCBuildConfiguration;
			buildSettings = {
				ALWAYS_EMBED_SWIFT_STANDARD_LIBRARIES = YES;
				BUNDLE_LOADER = "$(TEST_HOST)";
				CODE_SIGN_STYLE = Automatic;
				INFOPLIST_FILE = CustomerTests/Info.plist;
				IPHONEOS_DEPLOYMENT_TARGET = 13.2;
				LD_RUNPATH_SEARCH_PATHS = (
					"$(inherited)",
					"@executable_path/Frameworks",
					"@loader_path/Frameworks",
				);
				PRODUCT_BUNDLE_IDENTIFIER = org.techtown.CustomerTests;
				PRODUCT_NAME = "$(TARGET_NAME)";
				SWIFT_VERSION = 5.0;
				TARGETED_DEVICE_FAMILY = "1,2";
				TEST_HOST = "$(BUILT_PRODUCTS_DIR)/Customer.app/Customer";
			};
			name = Debug;
		};
		B336A8192413B346003DE924 /* Release */ = {
			isa = XCBuildConfiguration;
			buildSettings = {
				ALWAYS_EMBED_SWIFT_STANDARD_LIBRARIES = YES;
				BUNDLE_LOADER = "$(TEST_HOST)";
				CODE_SIGN_STYLE = Automatic;
				INFOPLIST_FILE = CustomerTests/Info.plist;
				IPHONEOS_DEPLOYMENT_TARGET = 13.2;
				LD_RUNPATH_SEARCH_PATHS = (
					"$(inherited)",
					"@executable_path/Frameworks",
					"@loader_path/Frameworks",
				);
				PRODUCT_BUNDLE_IDENTIFIER = org.techtown.CustomerTests;
				PRODUCT_NAME = "$(TARGET_NAME)";
				SWIFT_VERSION = 5.0;
				TARGETED_DEVICE_FAMILY = "1,2";
				TEST_HOST = "$(BUILT_PRODUCTS_DIR)/Customer.app/Customer";
			};
			name = Release;
		};
		B336A81B2413B346003DE924 /* Debug */ = {
			isa = XCBuildConfiguration;
			buildSettings = {
				ALWAYS_EMBED_SWIFT_STANDARD_LIBRARIES = YES;
				CODE_SIGN_STYLE = Automatic;
				INFOPLIST_FILE = CustomerUITests/Info.plist;
				LD_RUNPATH_SEARCH_PATHS = (
					"$(inherited)",
					"@executable_path/Frameworks",
					"@loader_path/Frameworks",
				);
				PRODUCT_BUNDLE_IDENTIFIER = org.techtown.CustomerUITests;
				PRODUCT_NAME = "$(TARGET_NAME)";
				SWIFT_VERSION = 5.0;
				TARGETED_DEVICE_FAMILY = "1,2";
				TEST_TARGET_NAME = Customer;
			};
			name = Debug;
		};
		B336A81C2413B346003DE924 /* Release */ = {
			isa = XCBuildConfiguration;
			buildSettings = {
				ALWAYS_EMBED_SWIFT_STANDARD_LIBRARIES = YES;
				CODE_SIGN_STYLE = Automatic;
				INFOPLIST_FILE = CustomerUITests/Info.plist;
				LD_RUNPATH_SEARCH_PATHS = (
					"$(inherited)",
					"@executable_path/Frameworks",
					"@loader_path/Frameworks",
				);
				PRODUCT_BUNDLE_IDENTIFIER = org.techtown.CustomerUITests;
				PRODUCT_NAME = "$(TARGET_NAME)";
				SWIFT_VERSION = 5.0;
				TARGETED_DEVICE_FAMILY = "1,2";
				TEST_TARGET_NAME = Customer;
			};
			name = Release;
		};
/* End XCBuildConfiguration section */

/* Begin XCConfigurationList section */
		B336A7E52413B345003DE924 /* Build configuration list for PBXProject "Customer" */ = {
			isa = XCConfigurationList;
			buildConfigurations = (
				B336A8122413B346003DE924 /* Debug */,
				B336A8132413B346003DE924 /* Release */,
			);
			defaultConfigurationIsVisible = 0;
			defaultConfigurationName = Release;
		};
		B336A8142413B346003DE924 /* Build configuration list for PBXNativeTarget "Customer" */ = {
			isa = XCConfigurationList;
			buildConfigurations = (
				B336A8152413B346003DE924 /* Debug */,
				B336A8162413B346003DE924 /* Release */,
			);
			defaultConfigurationIsVisible = 0;
			defaultConfigurationName = Release;
		};
		B336A8172413B346003DE924 /* Build configuration list for PBXNativeTarget "CustomerTests" */ = {
			isa = XCConfigurationList;
			buildConfigurations = (
				B336A8182413B346003DE924 /* Debug */,
				B336A8192413B346003DE924 /* Release */,
			);
			defaultConfigurationIsVisible = 0;
			defaultConfigurationName = Release;
		};
		B336A81A2413B346003DE924 /* Build configuration list for PBXNativeTarget "CustomerUITests" */ = {
			isa = XCConfigurationList;
			buildConfigurations = (
				B336A81B2413B346003DE924 /* Debug */,
				B336A81C2413B346003DE924 /* Release */,
			);
			defaultConfigurationIsVisible = 0;
			defaultConfigurationName = Release;
		};
/* End XCConfigurationList section */
	};
	rootObject = B336A7E22413B345003DE924 /* Project object */;
}
